
Microsoft Visual Studio Solution File, Format Version 12.00
# Visual Studio Version 17
VisualStudioVersion = 17.4.33122.133
MinimumVisualStudioVersion = 10.0.40219.1
Project("{FAE04EC0-301F-11D3-BF4B-00C04F79EFBC}") = "MyMap", "MyMap\MyMap.csproj", "{A0743996-C13A-4408-A4AE-1805F2957F59}"
EndProject
Global
	GlobalSection(SolutionConfigurationPlatforms) = preSolution
		Debug|Any CPU = Debug|Any CPU
		Release|Any CPU = Release|Any CPU
	EndGlobalSection
	GlobalSection(ProjectConfigurationPlatforms) = postSolution
		{A0743996-C13A-4408-A4AE-1805F2957F59}.Debug|Any CPU.ActiveCfg = Debug|Any CPU
		{A0743996-C13A-4408-A4AE-1805F2957F59}.Debug|Any CPU.Build.0 = Debug|Any CPU
		{A0743996-C13A-4408-A4AE-1805F2957F59}.Release|Any CPU.ActiveCfg = Release|Any CPU
		{A0743996-C13A-4408-A4AE-1805F2957F59}.Release|Any CPU.Build.0 = Release|Any CPU
	EndGlobalSection
	GlobalSection(SolutionProperties) = preSolution
		HideSolutionNode = FALSE
	EndGlobalSection
	GlobalSection(ExtensibilityGlobals) = postSolution
		SolutionGuid = {ED125E80-1764-4E55-8E15-D92440EB81B6}
	EndGlobalSection
EndGlobal
